
Microsoft Visual Studio Solution File, Format Version 12.00
# Visual Studio Version 17
VisualStudioVersion = 17.4.33205.214
MinimumVisualStudioVersion = 10.0.40219.1
Project("{FAE04EC0-301F-11D3-BF4B-00C04F79EFBC}") = "FindMaxNumber", "FindMaxNumber\FindMaxNumber.csproj", "{EE93B810-926C-42C6-A669-918FDAA53868}"
EndProject
Global
	GlobalSection(SolutionConfigurationPlatforms) = preSolution
		Debug|Any CPU = Debug|Any CPU
		Release|Any CPU = Release|Any CPU
	EndGlobalSection
	GlobalSection(ProjectConfigurationPlatforms) = postSolution
		{EE93B810-926C-42C6-A669-918FDAA53868}.Debug|Any CPU.ActiveCfg = Debug|Any CPU
		{EE93B810-926C-42C6-A669-918FDAA53868}.Debug|Any CPU.Build.0 = Debug|Any CPU
		{EE93B810-926C-42C6-A669-918FDAA53868}.Release|Any CPU.ActiveCfg = Release|Any CPU
		{EE93B810-926C-42C6-A669-918FDAA53868}.Release|Any CPU.Build.0 = Release|Any CPU
	EndGlobalSection
	GlobalSection(SolutionProperties) = preSolution
		HideSolutionNode = FALSE
	EndGlobalSection
	GlobalSection(ExtensibilityGlobals) = postSolution
		SolutionGuid = {61DCAAED-ED89-40C6-87EA-A4684A4B0898}
	EndGlobalSection
EndGlobal
